// !$*UTF8*$!
{
	archiveVersion = 1;
	classes = {
	};
	objectVersion = 50;
	objects = {

/* Begin PBXBuildFile section */
		FA8EC19E23EBC991007633D9 /* AppDelegate.swift in Sources */ = {isa = PBXBuildFile; fileRef = FA8EC19D23EBC991007633D9 /* AppDelegate.swift */; };
		FA8EC1A223EBC991007633D9 /* MainVC.swift in Sources */ = {isa = PBXBuildFile; fileRef = FA8EC1A123EBC991007633D9 /* MainVC.swift */; };
		FA8EC1A523EBC991007633D9 /* Main.storyboard in Resources */ = {isa = PBXBuildFile; fileRef = FA8EC1A323EBC991007633D9 /* Main.storyboard */; };
		FA8EC1A723EBC995007633D9 /* Assets.xcassets in Resources */ = {isa = PBXBuildFile; fileRef = FA8EC1A623EBC995007633D9 /* Assets.xcassets */; };
		FA8EC1AA23EBC995007633D9 /* LaunchScreen.storyboard in Resources */ = {isa = PBXBuildFile; fileRef = FA8EC1A823EBC995007633D9 /* LaunchScreen.storyboard */; };
		FA8EC1B323EBCBDB007633D9 /* Splash.storyboard in Resources */ = {isa = PBXBuildFile; fileRef = FA8EC1B223EBCBDB007633D9 /* Splash.storyboard */; };
		FA8EC1B523EBCBE7007633D9 /* SplashVC.swift in Sources */ = {isa = PBXBuildFile; fileRef = FA8EC1B423EBCBE7007633D9 /* SplashVC.swift */; };
		FA8EC1B723EBCC21007633D9 /* LoginVC.swift in Sources */ = {isa = PBXBuildFile; fileRef = FA8EC1B623EBCC21007633D9 /* LoginVC.swift */; };
/* End PBXBuildFile section */

/* Begin PBXFileReference section */
		FA8EC19A23EBC991007633D9 /* Amadda.app */ = {isa = PBXFileReference; explicitFileType = wrapper.application; includeInIndex = 0; path = Amadda.app; sourceTree = BUILT_PRODUCTS_DIR; };
		FA8EC19D23EBC991007633D9 /* AppDelegate.swift */ = {isa = PBXFileReference; lastKnownFileType = sourcecode.swift; path = AppDelegate.swift; sourceTree = "<group>"; };
		FA8EC1A123EBC991007633D9 /* MainVC.swift */ = {isa = PBXFileReference; lastKnownFileType = sourcecode.swift; path = MainVC.swift; sourceTree = "<group>"; };
		FA8EC1A423EBC991007633D9 /* Base */ = {isa = PBXFileReference; lastKnownFileType = file.storyboard; name = Base; path = Base.lproj/Main.storyboard; sourceTree = "<group>"; };
		FA8EC1A623EBC995007633D9 /* Assets.xcassets */ = {isa = PBXFileReference; lastKnownFileType = folder.assetcatalog; path = Assets.xcassets; sourceTree = "<group>"; };
		FA8EC1A923EBC995007633D9 /* Base */ = {isa = PBXFileReference; lastKnownFileType = file.storyboard; name = Base; path = Base.lproj/LaunchScreen.storyboard; sourceTree = "<group>"; };
		FA8EC1AB23EBC995007633D9 /* Info.plist */ = {isa = PBXFileReference; lastKnownFileType = text.plist.xml; path = Info.plist; sourceTree = "<group>"; };
		FA8EC1B223EBCBDB007633D9 /* Splash.storyboard */ = {isa = PBXFileReference; lastKnownFileType = file.storyboard; path = Splash.storyboard; sourceTree = "<group>"; };
		FA8EC1B423EBCBE7007633D9 /* SplashVC.swift */ = {isa = PBXFileReference; lastKnownFileType = sourcecode.swift; path = SplashVC.swift; sourceTree = "<group>"; };
		FA8EC1B623EBCC21007633D9 /* LoginVC.swift */ = {isa = PBXFileReference; lastKnownFileType = sourcecode.swift; path = LoginVC.swift; sourceTree = "<group>"; };
/* End PBXFileReference section */

/* Begin PBXFrameworksBuildPhase section */
		FA8EC19723EBC991007633D9 /* Frameworks */ = {
			isa = PBXFrameworksBuildPhase;
			buildActionMask = 2147483647;
			files = (
			);
			runOnlyForDeploymentPostprocessing = 0;
		};
/* End PBXFrameworksBuildPhase section */

/* Begin PBXGroup section */
		FA8EC19123EBC991007633D9 = {
			isa = PBXGroup;
			children = (
				FA8EC19C23EBC991007633D9 /* Amadda */,
				FA8EC19B23EBC991007633D9 /* Products */,
			);
			sourceTree = "<group>";
		};
		FA8EC19B23EBC991007633D9 /* Products */ = {
			isa = PBXGroup;
			children = (
				FA8EC19A23EBC991007633D9 /* Amadda.app */,
			);
			name = Products;
			sourceTree = "<group>";
		};
		FA8EC19C23EBC991007633D9 /* Amadda */ = {
			isa = PBXGroup;
			children = (
				FA8EC1B123EBCBCB007633D9 /* Splash */,
				FA8EC19D23EBC991007633D9 /* AppDelegate.swift */,
				FA8EC1A323EBC991007633D9 /* Main.storyboard */,
				FA8EC1A123EBC991007633D9 /* MainVC.swift */,
				FA8EC1A623EBC995007633D9 /* Assets.xcassets */,
				FA8EC1A823EBC995007633D9 /* LaunchScreen.storyboard */,
				FA8EC1AB23EBC995007633D9 /* Info.plist */,
			);
			path = Amadda;
			sourceTree = "<group>";
		};
		FA8EC1B123EBCBCB007633D9 /* Splash */ = {
			isa = PBXGroup;
			children = (
				FA8EC1B223EBCBDB007633D9 /* Splash.storyboard */,
				FA8EC1B423EBCBE7007633D9 /* SplashVC.swift */,
				FA8EC1B623EBCC21007633D9 /* LoginVC.swift */,
			);
			path = Splash;
			sourceTree = "<group>";
		};
/* End PBXGroup section */

/* Begin PBXNativeTarget section */
		FA8EC19923EBC991007633D9 /* Amadda */ = {
			isa = PBXNativeTarget;
			buildConfigurationList = FA8EC1AE23EBC995007633D9 /* Build configuration list for PBXNativeTarget "Amadda" */;
			buildPhases = (
				FA8EC19623EBC991007633D9 /* Sources */,
				FA8EC19723EBC991007633D9 /* Frameworks */,
				FA8EC19823EBC991007633D9 /* Resources */,
			);
			buildRules = (
			);
			dependencies = (
			);
			name = Amadda;
			productName = Amadda;
			productReference = FA8EC19A23EBC991007633D9 /* Amadda.app */;
			productType = "com.apple.product-type.application";
		};
/* End PBXNativeTarget section */

/* Begin PBXProject section */
		FA8EC19223EBC991007633D9 /* Project object */ = {
			isa = PBXProject;
			attributes = {
				LastSwiftUpdateCheck = 1130;
				LastUpgradeCheck = 1130;
				ORGANIZATIONNAME = mong;
				TargetAttributes = {
					FA8EC19923EBC991007633D9 = {
						CreatedOnToolsVersion = 11.3;
					};
				};
			};
			buildConfigurationList = FA8EC19523EBC991007633D9 /* Build configuration list for PBXProject "Amadda" */;
			compatibilityVersion = "Xcode 9.3";
			developmentRegion = en;
			hasScannedForEncodings = 0;
			knownRegions = (
				en,
				Base,
			);
			mainGroup = FA8EC19123EBC991007633D9;
			productRefGroup = FA8EC19B23EBC991007633D9 /* Products */;
			projectDirPath = "";
			projectRoot = "";
			targets = (
				FA8EC19923EBC991007633D9 /* Amadda */,
			);
		};
/* End PBXProject section */

/* Begin PBXResourcesBuildPhase section */
		FA8EC19823EBC991007633D9 /* Resources */ = {
			isa = PBXResourcesBuildPhase;
			buildActionMask = 2147483647;
			files = (
				FA8EC1AA23EBC995007633D9 /* LaunchScreen.storyboard in Resources */,
				FA8EC1A723EBC995007633D9 /* Assets.xcassets in Resources */,
				FA8EC1A523EBC991007633D9 /* Main.storyboard in Resources */,
				FA8EC1B323EBCBDB007633D9 /* Splash.storyboard in Resources */,
			);
			runOnlyForDeploymentPostprocessing = 0;
		};
/* End PBXResourcesBuildPhase section */

/* Begin PBXSourcesBuildPhase section */
		FA8EC19623EBC991007633D9 /* Sources */ = {
			isa = PBXSourcesBuildPhase;
			buildActionMask = 2147483647;
			files = (
				FA8EC1A223EBC991007633D9 /* MainVC.swift in Sources */,
				FA8EC1B523EBCBE7007633D9 /* SplashVC.swift in Sources */,
				FA8EC19E23EBC991007633D9 /* AppDelegate.swift in Sources */,
				FA8EC1B723EBCC21007633D9 /* LoginVC.swift in Sources */,
			);
			runOnlyForDeploymentPostprocessing = 0;
		};
/* End PBXSourcesBuildPhase section */

/* Begin PBXVariantGroup section */
		FA8EC1A323EBC991007633D9 /* Main.storyboard */ = {
			isa = PBXVariantGroup;
			children = (
				FA8EC1A423EBC991007633D9 /* Base */,
			);
			name = Main.storyboard;
			sourceTree = "<group>";
		};
		FA8EC1A823EBC995007633D9 /* LaunchScreen.storyboard */ = {
			isa = PBXVariantGroup;
			children = (
				FA8EC1A923EBC995007633D9 /* Base */,
			);
			name = LaunchScreen.storyboard;
			sourceTree = "<group>";
		};
/* End PBXVariantGroup section */

/* Begin XCBuildConfiguration section */
		FA8EC1AC23EBC995007633D9 /* Debug */ = {
			isa = XCBuildConfiguration;
			buildSettings = {
				ALWAYS_SEARCH_USER_PATHS = NO;
				CLANG_ANALYZER_NONNULL = YES;
				CLANG_ANALYZER_NUMBER_OBJECT_CONVERSION = YES_AGGRESSIVE;
				CLANG_CXX_LANGUAGE_STANDARD = "gnu++14";
				CLANG_CXX_LIBRARY = "libc++";
				CLANG_ENABLE_MODULES = YES;
				CLANG_ENABLE_OBJC_ARC = YES;
				CLANG_ENABLE_OBJC_WEAK = YES;
				CLANG_WARN_BLOCK_CAPTURE_AUTORELEASING = YES;
				CLANG_WARN_BOOL_CONVERSION = YES;
				CLANG_WARN_COMMA = YES;
				CLANG_WARN_CONSTANT_CONVERSION = YES;
				CLANG_WARN_DEPRECATED_OBJC_IMPLEMENTATIONS = YES;
				CLANG_WARN_DIRECT_OBJC_ISA_USAGE = YES_ERROR;
				CLANG_WARN_DOCUMENTATION_COMMENTS = YES;
				CLANG_WARN_EMPTY_BODY = YES;
				CLANG_WARN_ENUM_CONVERSION = YES;
				CLANG_WARN_INFINITE_RECURSION = YES;
				CLANG_WARN_INT_CONVERSION = YES;
				CLANG_WARN_NON_LITERAL_NULL_CONVERSION = YES;
				CLANG_WARN_OBJC_IMPLICIT_RETAIN_SELF = YES;
				CLANG_WARN_OBJC_LITERAL_CONVERSION = YES;
				CLANG_WARN_OBJC_ROOT_CLASS = YES_ERROR;
				CLANG_WARN_RANGE_LOOP_ANALYSIS = YES;
				CLANG_WARN_STRICT_PROTOTYPES = YES;
				CLANG_WARN_SUSPICIOUS_MOVE = YES;
				CLANG_WARN_UNGUARDED_AVAILABILITY = YES_AGGRESSIVE;
				CLANG_WARN_UNREACHABLE_CODE = YES;
				CLANG_WARN__DUPLICATE_METHOD_MATCH = YES;
				COPY_PHASE_STRIP = NO;
				DEBUG_INFORMATION_FORMAT = dwarf;
				ENABLE_STRICT_OBJC_MSGSEND = YES;
				ENABLE_TESTABILITY = YES;
				GCC_C_LANGUAGE_STANDARD = gnu11;
				GCC_DYNAMIC_NO_PIC = NO;
				GCC_NO_COMMON_BLOCKS = YES;
				GCC_OPTIMIZATION_LEVEL = 0;
				GCC_PREPROCESSOR_DEFINITIONS = (
					"DEBUG=1",
					"$(inherited)",
				);
				GCC_WARN_64_TO_32_BIT_CONVERSION = YES;
				GCC_WARN_ABOUT_RETURN_TYPE = YES_ERROR;
				GCC_WARN_UNDECLARED_SELECTOR = YES;
				GCC_WARN_UNINITIALIZED_AUTOS = YES_AGGRESSIVE;
				GCC_WARN_UNUSED_FUNCTION = YES;
				GCC_WARN_UNUSED_VARIABLE = YES;
				IPHONEOS_DEPLOYMENT_TARGET = 13.2;
				MTL_ENABLE_DEBUG_INFO = INCLUDE_SOURCE;
				MTL_FAST_MATH = YES;
				ONLY_ACTIVE_ARCH = YES;
				SDKROOT = iphoneos;
				SWIFT_ACTIVE_COMPILATION_CONDITIONS = DEBUG;
				SWIFT_OPTIMIZATION_LEVEL = "-Onone";
			};
			name = Debug;
		};
		FA8EC1AD23EBC995007633D9 /* Release */ = {
			isa = XCBuildConfiguration;
			buildSettings = {
				ALWAYS_SEARCH_USER_PATHS = NO;
				CLANG_ANALYZER_NONNULL = YES;
				CLANG_ANALYZER_NUMBER_OBJECT_CONVERSION = YES_AGGRESSIVE;
				CLANG_CXX_LANGUAGE_STANDARD = "gnu++14";
				CLANG_CXX_LIBRARY = "libc++";
				CLANG_ENABLE_MODULES = YES;
				CLANG_ENABLE_OBJC_ARC = YES;
				CLANG_ENABLE_OBJC_WEAK = YES;
				CLANG_WARN_BLOCK_CAPTURE_AUTORELEASING = YES;
				CLANG_WARN_BOOL_CONVERSION = YES;
				CLANG_WARN_COMMA = YES;
				CLANG_WARN_CONSTANT_CONVERSION = YES;
				CLANG_WARN_DEPRECATED_OBJC_IMPLEMENTATIONS = YES;
				CLANG_WARN_DIRECT_OBJC_ISA_USAGE = YES_ERROR;
				CLANG_WARN_DOCUMENTATION_COMMENTS = YES;
				CLANG_WARN_EMPTY_BODY = YES;
				CLANG_WARN_ENUM_CONVERSION = YES;
				CLANG_WARN_INFINITE_RECURSION = YES;
				CLANG_WARN_INT_CONVERSION = YES;
				CLANG_WARN_NON_LITERAL_NULL_CONVERSION = YES;
				CLANG_WARN_OBJC_IMPLICIT_RETAIN_SELF = YES;
				CLANG_WARN_OBJC_LITERAL_CONVERSION = YES;
				CLANG_WARN_OBJC_ROOT_CLASS = YES_ERROR;
				CLANG_WARN_RANGE_LOOP_ANALYSIS = YES;
				CLANG_WARN_STRICT_PROTOTYPES = YES;
				CLANG_WARN_SUSPICIOUS_MOVE = YES;
				CLANG_WARN_UNGUARDED_AVAILABILITY = YES_AGGRESSIVE;
				CLANG_WARN_UNREACHABLE_CODE = YES;
				CLANG_WARN__DUPLICATE_METHOD_MATCH = YES;
				COPY_PHASE_STRIP = NO;
				DEBUG_INFORMATION_FORMAT = "dwarf-with-dsym";
				ENABLE_NS_ASSERTIONS = NO;
				ENABLE_STRICT_OBJC_MSGSEND = YES;
				GCC_C_LANGUAGE_STANDARD = gnu11;
				GCC_NO_COMMON_BLOCKS = YES;
				GCC_WARN_64_TO_32_BIT_CONVERSION = YES;
				GCC_WARN_ABOUT_RETURN_TYPE = YES_ERROR;
				GCC_WARN_UNDECLARED_SELECTOR = YES;
				GCC_WARN_UNINITIALIZED_AUTOS = YES_AGGRESSIVE;
				GCC_WARN_UNUSED_FUNCTION = YES;
				GCC_WARN_UNUSED_VARIABLE = YES;
				IPHONEOS_DEPLOYMENT_TARGET = 13.2;
				MTL_ENABLE_DEBUG_INFO = NO;
				MTL_FAST_MATH = YES;
				SDKROOT = iphoneos;
				SWIFT_COMPILATION_MODE = wholemodule;
				SWIFT_OPTIMIZATION_LEVEL = "-O";
				VALIDATE_PRODUCT = YES;
			};
			name = Release;
		};
		FA8EC1AF23EBC995007633D9 /* Debug */ = {
			isa = XCBuildConfiguration;
			buildSettings = {
				ASSETCATALOG_COMPILER_APPICON_NAME = AppIcon;
				CODE_SIGN_STYLE = Automatic;
				DEVELOPMENT_TEAM = DRZA772VG4;
				INFOPLIST_FILE = Amadda/Info.plist;
				IPHONEOS_DEPLOYMENT_TARGET = 11.0;
				LD_RUNPATH_SEARCH_PATHS = (
					"$(inherited)",
					"@executable_path/Frameworks",
				);
				PRODUCT_BUNDLE_IDENTIFIER = selfstudy.Amadda;
				PRODUCT_NAME = "$(TARGET_NAME)";
				SWIFT_VERSION = 5.0;
				TARGETED_DEVICE_FAMILY = "1,2";
			};
			name = Debug;
		};
		FA8EC1B023EBC995007633D9 /* Release */ = {
			isa = XCBuildConfiguration;
			buildSettings = {
				ASSETCATALOG_COMPILER_APPICON_NAME = AppIcon;
				CODE_SIGN_STYLE = Automatic;
				DEVELOPMENT_TEAM = DRZA772VG4;
				INFOPLIST_FILE = Amadda/Info.plist;
				IPHONEOS_DEPLOYMENT_TARGET = 11.0;
				LD_RUNPATH_SEARCH_PATHS = (
					"$(inherited)",
					"@executable_path/Frameworks",
				);
				PRODUCT_BUNDLE_IDENTIFIER = selfstudy.Amadda;
				PRODUCT_NAME = "$(TARGET_NAME)";
				SWIFT_VERSION = 5.0;
				TARGETED_DEVICE_FAMILY = "1,2";
			};
			name = Release;
		};
/* End XCBuildConfiguration section */

/* Begin XCConfigurationList section */
		FA8EC19523EBC991007633D9 /* Build configuration list for PBXProject "Amadda" */ = {
			isa = XCConfigurationList;
			buildConfigurations = (
				FA8EC1AC23EBC995007633D9 /* Debug */,
				FA8EC1AD23EBC995007633D9 /* Release */,
			);
			defaultConfigurationIsVisible = 0;
			defaultConfigurationName = Release;
		};
		FA8EC1AE23EBC995007633D9 /* Build configuration list for PBXNativeTarget "Amadda" */ = {
			isa = XCConfigurationList;
			buildConfigurations = (
				FA8EC1AF23EBC995007633D9 /* Debug */,
				FA8EC1B023EBC995007633D9 /* Release */,
			);
			defaultConfigurationIsVisible = 0;
			defaultConfigurationName = Release;
		};
/* End XCConfigurationList section */
	};
	rootObject = FA8EC19223EBC991007633D9 /* Project object */;
}
