// !$*UTF8*$!
{
	archiveVersion = 1;
	classes = {
	};
	objectVersion = 50;
	objects = {

/* Begin PBXBuildFile section */
		76D9BF558D4B611E192FABA8 /* libPods-Amadda.a in Frameworks */ = {isa = PBXBuildFile; fileRef = 3ED79C8D56C6C7880309705C /* libPods-Amadda.a */; };
		D1616CA72401B709002C806B /* MenuViewController.swift in Sources */ = {isa = PBXBuildFile; fileRef = D1616CA62401B709002C806B /* MenuViewController.swift */; };
		D1616CA92401B767002C806B /* ContainerViewController.swift in Sources */ = {isa = PBXBuildFile; fileRef = D1616CA82401B767002C806B /* ContainerViewController.swift */; };
		D1616CB32401C470002C806B /* GroupCell.swift in Sources */ = {isa = PBXBuildFile; fileRef = D1616CB22401C470002C806B /* GroupCell.swift */; };
		D1616CB72401EC2B002C806B /* MenuConatinerViewControllerTableViewController.swift in Sources */ = {isa = PBXBuildFile; fileRef = D1616CB62401EC2B002C806B /* MenuConatinerViewControllerTableViewController.swift */; };
		D1616CBB24029DA2002C806B /* UIColor.swift in Sources */ = {isa = PBXBuildFile; fileRef = D1616CBA24029DA2002C806B /* UIColor.swift */; };
		D1616CC024063D80002C806B /* NetworkManager.swift in Sources */ = {isa = PBXBuildFile; fileRef = D1616CBF24063D80002C806B /* NetworkManager.swift */; };
		D1616CC5240668A6002C806B /* Response.swift in Sources */ = {isa = PBXBuildFile; fileRef = D1616CC4240668A6002C806B /* Response.swift */; };
		D1616CC7240668D7002C806B /* User.swift in Sources */ = {isa = PBXBuildFile; fileRef = D1616CC6240668D6002C806B /* User.swift */; };
		D1616CC92407575B002C806B /* Group.swift in Sources */ = {isa = PBXBuildFile; fileRef = D1616CC82407575B002C806B /* Group.swift */; };
		D1616CCB24075CDB002C806B /* Schedule.swift in Sources */ = {isa = PBXBuildFile; fileRef = D1616CCA24075CDB002C806B /* Schedule.swift */; };
		D1616CCD2408A73A002C806B /* ScheduleListVC.swift in Sources */ = {isa = PBXBuildFile; fileRef = D1616CCC2408A73A002C806B /* ScheduleListVC.swift */; };
		D1616CCF2408A83F002C806B /* ScheduleCell.swift in Sources */ = {isa = PBXBuildFile; fileRef = D1616CCE2408A83F002C806B /* ScheduleCell.swift */; };
		D1D6CA0F240EA83400ADC853 /* AddCourseTableViewCell.swift in Sources */ = {isa = PBXBuildFile; fileRef = D1D6CA0E240EA83400ADC853 /* AddCourseTableViewCell.swift */; };
		FA717589240DE07F00115F55 /* TimeTableCollectionViewCell.swift in Sources */ = {isa = PBXBuildFile; fileRef = FA717588240DE07F00115F55 /* TimeTableCollectionViewCell.swift */; };
		FA71758B240DE5E600115F55 /* MajorTableVC.swift in Sources */ = {isa = PBXBuildFile; fileRef = FA71758A240DE5E600115F55 /* MajorTableVC.swift */; };
		FA71758D240DE94900115F55 /* MajorTableViewCell.swift in Sources */ = {isa = PBXBuildFile; fileRef = FA71758C240DE94900115F55 /* MajorTableViewCell.swift */; };
		FA78CF0D23F060F800F91372 /* MainCalendarVC.swift in Sources */ = {isa = PBXBuildFile; fileRef = FA78CF0C23F060F800F91372 /* MainCalendarVC.swift */; };
		FA78CF2823F16A1500F91372 /* CustomCell.swift in Sources */ = {isa = PBXBuildFile; fileRef = FA78CF2723F16A1500F91372 /* CustomCell.swift */; };
		FA78CF2A23F17BC400F91372 /* TimeLineVC.swift in Sources */ = {isa = PBXBuildFile; fileRef = FA78CF2923F17BC400F91372 /* TimeLineVC.swift */; };
		FA8000B223EC32EE00BF7CA7 /* AddShareEventVC.swift in Sources */ = {isa = PBXBuildFile; fileRef = FA8000B123EC32EE00BF7CA7 /* AddShareEventVC.swift */; };
		FA8EC19E23EBC991007633D9 /* AppDelegate.swift in Sources */ = {isa = PBXBuildFile; fileRef = FA8EC19D23EBC991007633D9 /* AppDelegate.swift */; };
		FA8EC1A223EBC991007633D9 /* MainVC.swift in Sources */ = {isa = PBXBuildFile; fileRef = FA8EC1A123EBC991007633D9 /* MainVC.swift */; };
		FA8EC1A523EBC991007633D9 /* Main.storyboard in Resources */ = {isa = PBXBuildFile; fileRef = FA8EC1A323EBC991007633D9 /* Main.storyboard */; };
		FA8EC1A723EBC995007633D9 /* Assets.xcassets in Resources */ = {isa = PBXBuildFile; fileRef = FA8EC1A623EBC995007633D9 /* Assets.xcassets */; };
		FA8EC1AA23EBC995007633D9 /* LaunchScreen.storyboard in Resources */ = {isa = PBXBuildFile; fileRef = FA8EC1A823EBC995007633D9 /* LaunchScreen.storyboard */; };
		FA8EC1B323EBCBDB007633D9 /* Splash.storyboard in Resources */ = {isa = PBXBuildFile; fileRef = FA8EC1B223EBCBDB007633D9 /* Splash.storyboard */; };
		FA8EC1B523EBCBE7007633D9 /* SplashVC.swift in Sources */ = {isa = PBXBuildFile; fileRef = FA8EC1B423EBCBE7007633D9 /* SplashVC.swift */; };
		FA8EC1B723EBCC21007633D9 /* LoginVC.swift in Sources */ = {isa = PBXBuildFile; fileRef = FA8EC1B623EBCC21007633D9 /* LoginVC.swift */; };
		FA8EC1B923EBD772007633D9 /* AddCourseVC.swift in Sources */ = {isa = PBXBuildFile; fileRef = FA8EC1B823EBD772007633D9 /* AddCourseVC.swift */; };
		FA8EC1BD23EBDDE8007633D9 /* AddPersonalEventVC.swift in Sources */ = {isa = PBXBuildFile; fileRef = FA8EC1BC23EBDDE8007633D9 /* AddPersonalEventVC.swift */; };
		FA8EC1BF23EBE218007633D9 /* AddEventTableVC.swift in Sources */ = {isa = PBXBuildFile; fileRef = FA8EC1BE23EBE218007633D9 /* AddEventTableVC.swift */; };
		FA8EC1C123EBF5F0007633D9 /* ShareSelectVC.swift in Sources */ = {isa = PBXBuildFile; fileRef = FA8EC1C023EBF5F0007633D9 /* ShareSelectVC.swift */; };
		FAC1F6582407AFC500407644 /* TestDataModel.swift in Sources */ = {isa = PBXBuildFile; fileRef = FAC1F6572407AFC500407644 /* TestDataModel.swift */; };
		FAE6C17D24065A76006AE137 /* SearchCourseTableVC.swift in Sources */ = {isa = PBXBuildFile; fileRef = FAE6C17C24065A76006AE137 /* SearchCourseTableVC.swift */; };
		FAEF9D34240CC14100C1F20F /* AlertController.swift in Sources */ = {isa = PBXBuildFile; fileRef = FAEF9D33240CC14100C1F20F /* AlertController.swift */; };
/* End PBXBuildFile section */

/* Begin PBXFileReference section */
		0231E7220A6F7AB855BEA8CD /* Pods-Amadda.debug.xcconfig */ = {isa = PBXFileReference; includeInIndex = 1; lastKnownFileType = text.xcconfig; name = "Pods-Amadda.debug.xcconfig"; path = "Target Support Files/Pods-Amadda/Pods-Amadda.debug.xcconfig"; sourceTree = "<group>"; };
		3ACD5353E7F3F5BC7B5EB138 /* Pods-Amadda.release.xcconfig */ = {isa = PBXFileReference; includeInIndex = 1; lastKnownFileType = text.xcconfig; name = "Pods-Amadda.release.xcconfig"; path = "Target Support Files/Pods-Amadda/Pods-Amadda.release.xcconfig"; sourceTree = "<group>"; };
		3ED79C8D56C6C7880309705C /* libPods-Amadda.a */ = {isa = PBXFileReference; explicitFileType = archive.ar; includeInIndex = 0; path = "libPods-Amadda.a"; sourceTree = BUILT_PRODUCTS_DIR; };
		D1616CA62401B709002C806B /* MenuViewController.swift */ = {isa = PBXFileReference; lastKnownFileType = sourcecode.swift; path = MenuViewController.swift; sourceTree = "<group>"; };
		D1616CA82401B767002C806B /* ContainerViewController.swift */ = {isa = PBXFileReference; lastKnownFileType = sourcecode.swift; path = ContainerViewController.swift; sourceTree = "<group>"; };
		D1616CB22401C470002C806B /* GroupCell.swift */ = {isa = PBXFileReference; lastKnownFileType = sourcecode.swift; path = GroupCell.swift; sourceTree = "<group>"; };
		D1616CB62401EC2B002C806B /* MenuConatinerViewControllerTableViewController.swift */ = {isa = PBXFileReference; lastKnownFileType = sourcecode.swift; path = MenuConatinerViewControllerTableViewController.swift; sourceTree = "<group>"; };
		D1616CBA24029DA2002C806B /* UIColor.swift */ = {isa = PBXFileReference; lastKnownFileType = sourcecode.swift; path = UIColor.swift; sourceTree = "<group>"; };
		D1616CBF24063D80002C806B /* NetworkManager.swift */ = {isa = PBXFileReference; lastKnownFileType = sourcecode.swift; path = NetworkManager.swift; sourceTree = "<group>"; };
		D1616CC4240668A6002C806B /* Response.swift */ = {isa = PBXFileReference; lastKnownFileType = sourcecode.swift; path = Response.swift; sourceTree = "<group>"; };
		D1616CC6240668D6002C806B /* User.swift */ = {isa = PBXFileReference; lastKnownFileType = sourcecode.swift; path = User.swift; sourceTree = "<group>"; };
		D1616CC82407575B002C806B /* Group.swift */ = {isa = PBXFileReference; lastKnownFileType = sourcecode.swift; path = Group.swift; sourceTree = "<group>"; };
		D1616CCA24075CDB002C806B /* Schedule.swift */ = {isa = PBXFileReference; lastKnownFileType = sourcecode.swift; path = Schedule.swift; sourceTree = "<group>"; };
		D1616CCC2408A73A002C806B /* ScheduleListVC.swift */ = {isa = PBXFileReference; lastKnownFileType = sourcecode.swift; path = ScheduleListVC.swift; sourceTree = "<group>"; };
		D1616CCE2408A83F002C806B /* ScheduleCell.swift */ = {isa = PBXFileReference; lastKnownFileType = sourcecode.swift; path = ScheduleCell.swift; sourceTree = "<group>"; };
		D1D6CA0E240EA83400ADC853 /* AddCourseTableViewCell.swift */ = {isa = PBXFileReference; fileEncoding = 4; lastKnownFileType = sourcecode.swift; path = AddCourseTableViewCell.swift; sourceTree = "<group>"; };
		FA717588240DE07F00115F55 /* TimeTableCollectionViewCell.swift */ = {isa = PBXFileReference; lastKnownFileType = sourcecode.swift; path = TimeTableCollectionViewCell.swift; sourceTree = "<group>"; };
		FA71758A240DE5E600115F55 /* MajorTableVC.swift */ = {isa = PBXFileReference; lastKnownFileType = sourcecode.swift; path = MajorTableVC.swift; sourceTree = "<group>"; };
		FA71758C240DE94900115F55 /* MajorTableViewCell.swift */ = {isa = PBXFileReference; lastKnownFileType = sourcecode.swift; path = MajorTableViewCell.swift; sourceTree = "<group>"; };
		FA78CF0C23F060F800F91372 /* MainCalendarVC.swift */ = {isa = PBXFileReference; lastKnownFileType = sourcecode.swift; path = MainCalendarVC.swift; sourceTree = "<group>"; };
		FA78CF2723F16A1500F91372 /* CustomCell.swift */ = {isa = PBXFileReference; lastKnownFileType = sourcecode.swift; path = CustomCell.swift; sourceTree = "<group>"; };
		FA78CF2923F17BC400F91372 /* TimeLineVC.swift */ = {isa = PBXFileReference; lastKnownFileType = sourcecode.swift; path = TimeLineVC.swift; sourceTree = "<group>"; };
		FA8000B123EC32EE00BF7CA7 /* AddShareEventVC.swift */ = {isa = PBXFileReference; lastKnownFileType = sourcecode.swift; path = AddShareEventVC.swift; sourceTree = "<group>"; };
		FA8EC19A23EBC991007633D9 /* Amadda.app */ = {isa = PBXFileReference; explicitFileType = wrapper.application; includeInIndex = 0; path = Amadda.app; sourceTree = BUILT_PRODUCTS_DIR; };
		FA8EC19D23EBC991007633D9 /* AppDelegate.swift */ = {isa = PBXFileReference; lastKnownFileType = sourcecode.swift; path = AppDelegate.swift; sourceTree = "<group>"; };
		FA8EC1A123EBC991007633D9 /* MainVC.swift */ = {isa = PBXFileReference; lastKnownFileType = sourcecode.swift; path = MainVC.swift; sourceTree = "<group>"; };
		FA8EC1A423EBC991007633D9 /* Base */ = {isa = PBXFileReference; lastKnownFileType = file.storyboard; name = Base; path = Base.lproj/Main.storyboard; sourceTree = "<group>"; };
		FA8EC1A623EBC995007633D9 /* Assets.xcassets */ = {isa = PBXFileReference; lastKnownFileType = folder.assetcatalog; path = Assets.xcassets; sourceTree = "<group>"; };
		FA8EC1A923EBC995007633D9 /* Base */ = {isa = PBXFileReference; lastKnownFileType = file.storyboard; name = Base; path = Base.lproj/LaunchScreen.storyboard; sourceTree = "<group>"; };
		FA8EC1AB23EBC995007633D9 /* Info.plist */ = {isa = PBXFileReference; lastKnownFileType = text.plist.xml; path = Info.plist; sourceTree = "<group>"; };
		FA8EC1B223EBCBDB007633D9 /* Splash.storyboard */ = {isa = PBXFileReference; lastKnownFileType = file.storyboard; path = Splash.storyboard; sourceTree = "<group>"; };
		FA8EC1B423EBCBE7007633D9 /* SplashVC.swift */ = {isa = PBXFileReference; lastKnownFileType = sourcecode.swift; path = SplashVC.swift; sourceTree = "<group>"; };
		FA8EC1B623EBCC21007633D9 /* LoginVC.swift */ = {isa = PBXFileReference; lastKnownFileType = sourcecode.swift; path = LoginVC.swift; sourceTree = "<group>"; };
		FA8EC1B823EBD772007633D9 /* AddCourseVC.swift */ = {isa = PBXFileReference; lastKnownFileType = sourcecode.swift; path = AddCourseVC.swift; sourceTree = "<group>"; };
		FA8EC1BC23EBDDE8007633D9 /* AddPersonalEventVC.swift */ = {isa = PBXFileReference; lastKnownFileType = sourcecode.swift; path = AddPersonalEventVC.swift; sourceTree = "<group>"; };
		FA8EC1BE23EBE218007633D9 /* AddEventTableVC.swift */ = {isa = PBXFileReference; lastKnownFileType = sourcecode.swift; path = AddEventTableVC.swift; sourceTree = "<group>"; };
		FA8EC1C023EBF5F0007633D9 /* ShareSelectVC.swift */ = {isa = PBXFileReference; lastKnownFileType = sourcecode.swift; path = ShareSelectVC.swift; sourceTree = "<group>"; };
		FAC1F6572407AFC500407644 /* TestDataModel.swift */ = {isa = PBXFileReference; lastKnownFileType = sourcecode.swift; path = TestDataModel.swift; sourceTree = "<group>"; };
		FAE6C17C24065A76006AE137 /* SearchCourseTableVC.swift */ = {isa = PBXFileReference; lastKnownFileType = sourcecode.swift; path = SearchCourseTableVC.swift; sourceTree = "<group>"; };
		FAEF9D33240CC14100C1F20F /* AlertController.swift */ = {isa = PBXFileReference; lastKnownFileType = sourcecode.swift; path = AlertController.swift; sourceTree = "<group>"; };
/* End PBXFileReference section */

/* Begin PBXFrameworksBuildPhase section */
		FA8EC19723EBC991007633D9 /* Frameworks */ = {
			isa = PBXFrameworksBuildPhase;
			buildActionMask = 2147483647;
			files = (
				76D9BF558D4B611E192FABA8 /* libPods-Amadda.a in Frameworks */,
			);
			runOnlyForDeploymentPostprocessing = 0;
		};
/* End PBXFrameworksBuildPhase section */

/* Begin PBXGroup section */
		28A76FA17697043FFB5D372A /* Frameworks */ = {
			isa = PBXGroup;
			children = (
				3ED79C8D56C6C7880309705C /* libPods-Amadda.a */,
			);
			name = Frameworks;
			sourceTree = "<group>";
		};
		7D3A396AB1953FC51633C44E /* Pods */ = {
			isa = PBXGroup;
			children = (
				0231E7220A6F7AB855BEA8CD /* Pods-Amadda.debug.xcconfig */,
				3ACD5353E7F3F5BC7B5EB138 /* Pods-Amadda.release.xcconfig */,
			);
			path = Pods;
			sourceTree = "<group>";
		};
		D1616CA52401B6C5002C806B /* Sidebar */ = {
			isa = PBXGroup;
			children = (
				D1616CA62401B709002C806B /* MenuViewController.swift */,
				D1616CB62401EC2B002C806B /* MenuConatinerViewControllerTableViewController.swift */,
				D1616CA82401B767002C806B /* ContainerViewController.swift */,
				D1616CB22401C470002C806B /* GroupCell.swift */,
			);
			path = Sidebar;
			sourceTree = "<group>";
		};
		D1616CB824029D6B002C806B /* Extension */ = {
			isa = PBXGroup;
			children = (
				D1616CBA24029DA2002C806B /* UIColor.swift */,
				FAEF9D33240CC14100C1F20F /* AlertController.swift */,
			);
			path = Extension;
			sourceTree = "<group>";
		};
		D1616CBE24063D46002C806B /* Network */ = {
			isa = PBXGroup;
			children = (
				D1616CBF24063D80002C806B /* NetworkManager.swift */,
				D1616CC12406454C002C806B /* Model */,
			);
			path = Network;
			sourceTree = "<group>";
		};
		D1616CC12406454C002C806B /* Model */ = {
			isa = PBXGroup;
			children = (
				D1616CC4240668A6002C806B /* Response.swift */,
				D1616CC6240668D6002C806B /* User.swift */,
				D1616CC82407575B002C806B /* Group.swift */,
				D1616CCA24075CDB002C806B /* Schedule.swift */,
			);
			path = Model;
			sourceTree = "<group>";
		};
		FA47A309240BA8B00049434F /* AddEvent */ = {
			isa = PBXGroup;
			children = (
				FA8EC1BC23EBDDE8007633D9 /* AddPersonalEventVC.swift */,
				FA8000B123EC32EE00BF7CA7 /* AddShareEventVC.swift */,
				FA8EC1BE23EBE218007633D9 /* AddEventTableVC.swift */,
				FA8EC1C023EBF5F0007633D9 /* ShareSelectVC.swift */,
			);
			path = AddEvent;
			sourceTree = "<group>";
		};
		FA51E85E2406483F00E31FE5 /* AddCourse */ = {
			isa = PBXGroup;
			children = (
				FAC1F6572407AFC500407644 /* TestDataModel.swift */,
				FA8EC1B823EBD772007633D9 /* AddCourseVC.swift */,
				FAE6C17C24065A76006AE137 /* SearchCourseTableVC.swift */,
				D1D6CA0E240EA83400ADC853 /* AddCourseTableViewCell.swift */,
				FA717588240DE07F00115F55 /* TimeTableCollectionViewCell.swift */,
				FA71758A240DE5E600115F55 /* MajorTableVC.swift */,
				FA71758C240DE94900115F55 /* MajorTableViewCell.swift */,
			);
			path = AddCourse;
			sourceTree = "<group>";
		};
		FA8EC19123EBC991007633D9 = {
			isa = PBXGroup;
			children = (
				FA8EC19C23EBC991007633D9 /* Amadda */,
				FA8EC19B23EBC991007633D9 /* Products */,
				7D3A396AB1953FC51633C44E /* Pods */,
				28A76FA17697043FFB5D372A /* Frameworks */,
			);
			sourceTree = "<group>";
		};
		FA8EC19B23EBC991007633D9 /* Products */ = {
			isa = PBXGroup;
			children = (
				FA8EC19A23EBC991007633D9 /* Amadda.app */,
			);
			name = Products;
			sourceTree = "<group>";
		};
		FA8EC19C23EBC991007633D9 /* Amadda */ = {
			isa = PBXGroup;
			children = (
				D1616CBE24063D46002C806B /* Network */,
				D1616CB824029D6B002C806B /* Extension */,
				D1616CA52401B6C5002C806B /* Sidebar */,
				FA8EC1B123EBCBCB007633D9 /* Splash */,
				FA8EC1BB23EBDDB6007633D9 /* Main */,
				FA8EC19D23EBC991007633D9 /* AppDelegate.swift */,
				FA8EC1A623EBC995007633D9 /* Assets.xcassets */,
				FA8EC1A823EBC995007633D9 /* LaunchScreen.storyboard */,
				FA8EC1AB23EBC995007633D9 /* Info.plist */,
			);
			path = Amadda;
			sourceTree = "<group>";
		};
		FA8EC1B123EBCBCB007633D9 /* Splash */ = {
			isa = PBXGroup;
			children = (
				FA8EC1B223EBCBDB007633D9 /* Splash.storyboard */,
				FA8EC1B423EBCBE7007633D9 /* SplashVC.swift */,
				FA8EC1B623EBCC21007633D9 /* LoginVC.swift */,
			);
			path = Splash;
			sourceTree = "<group>";
		};
		FA8EC1BB23EBDDB6007633D9 /* Main */ = {
			isa = PBXGroup;
			children = (
				FA8EC1A323EBC991007633D9 /* Main.storyboard */,
				FA8EC1A123EBC991007633D9 /* MainVC.swift */,
				FA78CF2723F16A1500F91372 /* CustomCell.swift */,
				FA78CF0C23F060F800F91372 /* MainCalendarVC.swift */,
				FA78CF2923F17BC400F91372 /* TimeLineVC.swift */,
				D1616CCC2408A73A002C806B /* ScheduleListVC.swift */,
				D1616CCE2408A83F002C806B /* ScheduleCell.swift */,
				FA51E85E2406483F00E31FE5 /* AddCourse */,
				FA47A309240BA8B00049434F /* AddEvent */,
			);
			path = Main;
			sourceTree = "<group>";
		};
/* End PBXGroup section */

/* Begin PBXNativeTarget section */
		FA8EC19923EBC991007633D9 /* Amadda */ = {
			isa = PBXNativeTarget;
			buildConfigurationList = FA8EC1AE23EBC995007633D9 /* Build configuration list for PBXNativeTarget "Amadda" */;
			buildPhases = (
				1A90441A7EA11D20002C0C08 /* [CP] Check Pods Manifest.lock */,
				FA8EC19623EBC991007633D9 /* Sources */,
				FA8EC19723EBC991007633D9 /* Frameworks */,
				FA8EC19823EBC991007633D9 /* Resources */,
			);
			buildRules = (
			);
			dependencies = (
			);
			name = Amadda;
			productName = Amadda;
			productReference = FA8EC19A23EBC991007633D9 /* Amadda.app */;
			productType = "com.apple.product-type.application";
		};
/* End PBXNativeTarget section */

/* Begin PBXProject section */
		FA8EC19223EBC991007633D9 /* Project object */ = {
			isa = PBXProject;
			attributes = {
				LastSwiftUpdateCheck = 1130;
				LastUpgradeCheck = 1130;
				ORGANIZATIONNAME = mong;
				TargetAttributes = {
					FA8EC19923EBC991007633D9 = {
						CreatedOnToolsVersion = 11.3;
					};
				};
			};
			buildConfigurationList = FA8EC19523EBC991007633D9 /* Build configuration list for PBXProject "Amadda" */;
			compatibilityVersion = "Xcode 9.3";
			developmentRegion = en;
			hasScannedForEncodings = 0;
			knownRegions = (
				en,
				Base,
			);
			mainGroup = FA8EC19123EBC991007633D9;
			productRefGroup = FA8EC19B23EBC991007633D9 /* Products */;
			projectDirPath = "";
			projectRoot = "";
			targets = (
				FA8EC19923EBC991007633D9 /* Amadda */,
			);
		};
/* End PBXProject section */

/* Begin PBXResourcesBuildPhase section */
		FA8EC19823EBC991007633D9 /* Resources */ = {
			isa = PBXResourcesBuildPhase;
			buildActionMask = 2147483647;
			files = (
				FA8EC1AA23EBC995007633D9 /* LaunchScreen.storyboard in Resources */,
				FA8EC1A723EBC995007633D9 /* Assets.xcassets in Resources */,
				FA8EC1A523EBC991007633D9 /* Main.storyboard in Resources */,
				FA8EC1B323EBCBDB007633D9 /* Splash.storyboard in Resources */,
			);
			runOnlyForDeploymentPostprocessing = 0;
		};
/* End PBXResourcesBuildPhase section */

/* Begin PBXShellScriptBuildPhase section */
		1A90441A7EA11D20002C0C08 /* [CP] Check Pods Manifest.lock */ = {
			isa = PBXShellScriptBuildPhase;
			buildActionMask = 2147483647;
			files = (
			);
			inputFileListPaths = (
			);
			inputPaths = (
				"${PODS_PODFILE_DIR_PATH}/Podfile.lock",
				"${PODS_ROOT}/Manifest.lock",
			);
			name = "[CP] Check Pods Manifest.lock";
			outputFileListPaths = (
			);
			outputPaths = (
				"$(DERIVED_FILE_DIR)/Pods-Amadda-checkManifestLockResult.txt",
			);
			runOnlyForDeploymentPostprocessing = 0;
			shellPath = /bin/sh;
			shellScript = "diff \"${PODS_PODFILE_DIR_PATH}/Podfile.lock\" \"${PODS_ROOT}/Manifest.lock\" > /dev/null\nif [ $? != 0 ] ; then\n    # print error to STDERR\n    echo \"error: The sandbox is not in sync with the Podfile.lock. Run 'pod install' or update your CocoaPods installation.\" >&2\n    exit 1\nfi\n# This output is used by Xcode 'outputs' to avoid re-running this script phase.\necho \"SUCCESS\" > \"${SCRIPT_OUTPUT_FILE_0}\"\n";
			showEnvVarsInLog = 0;
		};
/* End PBXShellScriptBuildPhase section */

/* Begin PBXSourcesBuildPhase section */
		FA8EC19623EBC991007633D9 /* Sources */ = {
			isa = PBXSourcesBuildPhase;
			buildActionMask = 2147483647;
			files = (
				D1616CC92407575B002C806B /* Group.swift in Sources */,
				D1616CC024063D80002C806B /* NetworkManager.swift in Sources */,
				D1616CCB24075CDB002C806B /* Schedule.swift in Sources */,
				FA8EC1A223EBC991007633D9 /* MainVC.swift in Sources */,
				FAEF9D34240CC14100C1F20F /* AlertController.swift in Sources */,
				D1616CCD2408A73A002C806B /* ScheduleListVC.swift in Sources */,
				FAE6C17D24065A76006AE137 /* SearchCourseTableVC.swift in Sources */,
				FA8000B223EC32EE00BF7CA7 /* AddShareEventVC.swift in Sources */,
				FA71758D240DE94900115F55 /* MajorTableViewCell.swift in Sources */,
				D1616CB32401C470002C806B /* GroupCell.swift in Sources */,
				D1616CA92401B767002C806B /* ContainerViewController.swift in Sources */,
				D1616CC5240668A6002C806B /* Response.swift in Sources */,
				FA78CF2823F16A1500F91372 /* CustomCell.swift in Sources */,
				FA8EC1BD23EBDDE8007633D9 /* AddPersonalEventVC.swift in Sources */,
				D1616CC7240668D7002C806B /* User.swift in Sources */,
				FA8EC1C123EBF5F0007633D9 /* ShareSelectVC.swift in Sources */,
				FA8EC1B923EBD772007633D9 /* AddCourseVC.swift in Sources */,
				D1616CCF2408A83F002C806B /* ScheduleCell.swift in Sources */,
				FA71758B240DE5E600115F55 /* MajorTableVC.swift in Sources */,
				FA8EC1B523EBCBE7007633D9 /* SplashVC.swift in Sources */,
				D1D6CA0F240EA83400ADC853 /* AddCourseTableViewCell.swift in Sources */,
				D1616CA72401B709002C806B /* MenuViewController.swift in Sources */,
				FA717589240DE07F00115F55 /* TimeTableCollectionViewCell.swift in Sources */,
				FA8EC19E23EBC991007633D9 /* AppDelegate.swift in Sources */,
				D1616CB72401EC2B002C806B /* MenuConatinerViewControllerTableViewController.swift in Sources */,
				D1616CBB24029DA2002C806B /* UIColor.swift in Sources */,
				FAC1F6582407AFC500407644 /* TestDataModel.swift in Sources */,
				FA8EC1B723EBCC21007633D9 /* LoginVC.swift in Sources */,
				FA8EC1BF23EBE218007633D9 /* AddEventTableVC.swift in Sources */,
				FA78CF0D23F060F800F91372 /* MainCalendarVC.swift in Sources */,
				FA78CF2A23F17BC400F91372 /* TimeLineVC.swift in Sources */,
			);
			runOnlyForDeploymentPostprocessing = 0;
		};
/* End PBXSourcesBuildPhase section */

/* Begin PBXVariantGroup section */
		FA8EC1A323EBC991007633D9 /* Main.storyboard */ = {
			isa = PBXVariantGroup;
			children = (
				FA8EC1A423EBC991007633D9 /* Base */,
			);
			name = Main.storyboard;
			sourceTree = "<group>";
		};
		FA8EC1A823EBC995007633D9 /* LaunchScreen.storyboard */ = {
			isa = PBXVariantGroup;
			children = (
				FA8EC1A923EBC995007633D9 /* Base */,
			);
			name = LaunchScreen.storyboard;
			sourceTree = "<group>";
		};
/* End PBXVariantGroup section */

/* Begin XCBuildConfiguration section */
		FA8EC1AC23EBC995007633D9 /* Debug */ = {
			isa = XCBuildConfiguration;
			buildSettings = {
				ALWAYS_SEARCH_USER_PATHS = NO;
				CLANG_ANALYZER_NONNULL = YES;
				CLANG_ANALYZER_NUMBER_OBJECT_CONVERSION = YES_AGGRESSIVE;
				CLANG_CXX_LANGUAGE_STANDARD = "gnu++14";
				CLANG_CXX_LIBRARY = "libc++";
				CLANG_ENABLE_MODULES = YES;
				CLANG_ENABLE_OBJC_ARC = YES;
				CLANG_ENABLE_OBJC_WEAK = YES;
				CLANG_WARN_BLOCK_CAPTURE_AUTORELEASING = YES;
				CLANG_WARN_BOOL_CONVERSION = YES;
				CLANG_WARN_COMMA = YES;
				CLANG_WARN_CONSTANT_CONVERSION = YES;
				CLANG_WARN_DEPRECATED_OBJC_IMPLEMENTATIONS = YES;
				CLANG_WARN_DIRECT_OBJC_ISA_USAGE = YES_ERROR;
				CLANG_WARN_DOCUMENTATION_COMMENTS = YES;
				CLANG_WARN_EMPTY_BODY = YES;
				CLANG_WARN_ENUM_CONVERSION = YES;
				CLANG_WARN_INFINITE_RECURSION = YES;
				CLANG_WARN_INT_CONVERSION = YES;
				CLANG_WARN_NON_LITERAL_NULL_CONVERSION = YES;
				CLANG_WARN_OBJC_IMPLICIT_RETAIN_SELF = YES;
				CLANG_WARN_OBJC_LITERAL_CONVERSION = YES;
				CLANG_WARN_OBJC_ROOT_CLASS = YES_ERROR;
				CLANG_WARN_RANGE_LOOP_ANALYSIS = YES;
				CLANG_WARN_STRICT_PROTOTYPES = YES;
				CLANG_WARN_SUSPICIOUS_MOVE = YES;
				CLANG_WARN_UNGUARDED_AVAILABILITY = YES_AGGRESSIVE;
				CLANG_WARN_UNREACHABLE_CODE = YES;
				CLANG_WARN__DUPLICATE_METHOD_MATCH = YES;
				COPY_PHASE_STRIP = NO;
				DEBUG_INFORMATION_FORMAT = dwarf;
				ENABLE_STRICT_OBJC_MSGSEND = YES;
				ENABLE_TESTABILITY = YES;
				GCC_C_LANGUAGE_STANDARD = gnu11;
				GCC_DYNAMIC_NO_PIC = NO;
				GCC_NO_COMMON_BLOCKS = YES;
				GCC_OPTIMIZATION_LEVEL = 0;
				GCC_PREPROCESSOR_DEFINITIONS = (
					"DEBUG=1",
					"$(inherited)",
				);
				GCC_WARN_64_TO_32_BIT_CONVERSION = YES;
				GCC_WARN_ABOUT_RETURN_TYPE = YES_ERROR;
				GCC_WARN_UNDECLARED_SELECTOR = YES;
				GCC_WARN_UNINITIALIZED_AUTOS = YES_AGGRESSIVE;
				GCC_WARN_UNUSED_FUNCTION = YES;
				GCC_WARN_UNUSED_VARIABLE = YES;
				IPHONEOS_DEPLOYMENT_TARGET = 13.2;
				MTL_ENABLE_DEBUG_INFO = INCLUDE_SOURCE;
				MTL_FAST_MATH = YES;
				ONLY_ACTIVE_ARCH = YES;
				SDKROOT = iphoneos;
				SWIFT_ACTIVE_COMPILATION_CONDITIONS = DEBUG;
				SWIFT_OPTIMIZATION_LEVEL = "-Onone";
			};
			name = Debug;
		};
		FA8EC1AD23EBC995007633D9 /* Release */ = {
			isa = XCBuildConfiguration;
			buildSettings = {
				ALWAYS_SEARCH_USER_PATHS = NO;
				CLANG_ANALYZER_NONNULL = YES;
				CLANG_ANALYZER_NUMBER_OBJECT_CONVERSION = YES_AGGRESSIVE;
				CLANG_CXX_LANGUAGE_STANDARD = "gnu++14";
				CLANG_CXX_LIBRARY = "libc++";
				CLANG_ENABLE_MODULES = YES;
				CLANG_ENABLE_OBJC_ARC = YES;
				CLANG_ENABLE_OBJC_WEAK = YES;
				CLANG_WARN_BLOCK_CAPTURE_AUTORELEASING = YES;
				CLANG_WARN_BOOL_CONVERSION = YES;
				CLANG_WARN_COMMA = YES;
				CLANG_WARN_CONSTANT_CONVERSION = YES;
				CLANG_WARN_DEPRECATED_OBJC_IMPLEMENTATIONS = YES;
				CLANG_WARN_DIRECT_OBJC_ISA_USAGE = YES_ERROR;
				CLANG_WARN_DOCUMENTATION_COMMENTS = YES;
				CLANG_WARN_EMPTY_BODY = YES;
				CLANG_WARN_ENUM_CONVERSION = YES;
				CLANG_WARN_INFINITE_RECURSION = YES;
				CLANG_WARN_INT_CONVERSION = YES;
				CLANG_WARN_NON_LITERAL_NULL_CONVERSION = YES;
				CLANG_WARN_OBJC_IMPLICIT_RETAIN_SELF = YES;
				CLANG_WARN_OBJC_LITERAL_CONVERSION = YES;
				CLANG_WARN_OBJC_ROOT_CLASS = YES_ERROR;
				CLANG_WARN_RANGE_LOOP_ANALYSIS = YES;
				CLANG_WARN_STRICT_PROTOTYPES = YES;
				CLANG_WARN_SUSPICIOUS_MOVE = YES;
				CLANG_WARN_UNGUARDED_AVAILABILITY = YES_AGGRESSIVE;
				CLANG_WARN_UNREACHABLE_CODE = YES;
				CLANG_WARN__DUPLICATE_METHOD_MATCH = YES;
				COPY_PHASE_STRIP = NO;
				DEBUG_INFORMATION_FORMAT = "dwarf-with-dsym";
				ENABLE_NS_ASSERTIONS = NO;
				ENABLE_STRICT_OBJC_MSGSEND = YES;
				GCC_C_LANGUAGE_STANDARD = gnu11;
				GCC_NO_COMMON_BLOCKS = YES;
				GCC_WARN_64_TO_32_BIT_CONVERSION = YES;
				GCC_WARN_ABOUT_RETURN_TYPE = YES_ERROR;
				GCC_WARN_UNDECLARED_SELECTOR = YES;
				GCC_WARN_UNINITIALIZED_AUTOS = YES_AGGRESSIVE;
				GCC_WARN_UNUSED_FUNCTION = YES;
				GCC_WARN_UNUSED_VARIABLE = YES;
				IPHONEOS_DEPLOYMENT_TARGET = 13.2;
				MTL_ENABLE_DEBUG_INFO = NO;
				MTL_FAST_MATH = YES;
				SDKROOT = iphoneos;
				SWIFT_COMPILATION_MODE = wholemodule;
				SWIFT_OPTIMIZATION_LEVEL = "-O";
				VALIDATE_PRODUCT = YES;
			};
			name = Release;
		};
		FA8EC1AF23EBC995007633D9 /* Debug */ = {
			isa = XCBuildConfiguration;
			baseConfigurationReference = 0231E7220A6F7AB855BEA8CD /* Pods-Amadda.debug.xcconfig */;
			buildSettings = {
				ASSETCATALOG_COMPILER_APPICON_NAME = AppIcon;
				CODE_SIGN_STYLE = Automatic;
				DEVELOPMENT_TEAM = DRZA772VG4;
				INFOPLIST_FILE = Amadda/Info.plist;
				IPHONEOS_DEPLOYMENT_TARGET = 11.0;
				LD_RUNPATH_SEARCH_PATHS = (
					"$(inherited)",
					"@executable_path/Frameworks",
				);
				PRODUCT_BUNDLE_IDENTIFIER = selfstudy.Amadda;
				PRODUCT_NAME = "$(TARGET_NAME)";
				SWIFT_VERSION = 5.0;
				TARGETED_DEVICE_FAMILY = "1,2";
			};
			name = Debug;
		};
		FA8EC1B023EBC995007633D9 /* Release */ = {
			isa = XCBuildConfiguration;
			baseConfigurationReference = 3ACD5353E7F3F5BC7B5EB138 /* Pods-Amadda.release.xcconfig */;
			buildSettings = {
				ASSETCATALOG_COMPILER_APPICON_NAME = AppIcon;
				CODE_SIGN_STYLE = Automatic;
				DEVELOPMENT_TEAM = DRZA772VG4;
				INFOPLIST_FILE = Amadda/Info.plist;
				IPHONEOS_DEPLOYMENT_TARGET = 11.0;
				LD_RUNPATH_SEARCH_PATHS = (
					"$(inherited)",
					"@executable_path/Frameworks",
				);
				PRODUCT_BUNDLE_IDENTIFIER = selfstudy.Amadda;
				PRODUCT_NAME = "$(TARGET_NAME)";
				SWIFT_VERSION = 5.0;
				TARGETED_DEVICE_FAMILY = "1,2";
			};
			name = Release;
		};
/* End XCBuildConfiguration section */

/* Begin XCConfigurationList section */
		FA8EC19523EBC991007633D9 /* Build configuration list for PBXProject "Amadda" */ = {
			isa = XCConfigurationList;
			buildConfigurations = (
				FA8EC1AC23EBC995007633D9 /* Debug */,
				FA8EC1AD23EBC995007633D9 /* Release */,
			);
			defaultConfigurationIsVisible = 0;
			defaultConfigurationName = Release;
		};
		FA8EC1AE23EBC995007633D9 /* Build configuration list for PBXNativeTarget "Amadda" */ = {
			isa = XCConfigurationList;
			buildConfigurations = (
				FA8EC1AF23EBC995007633D9 /* Debug */,
				FA8EC1B023EBC995007633D9 /* Release */,
			);
			defaultConfigurationIsVisible = 0;
			defaultConfigurationName = Release;
		};
/* End XCConfigurationList section */
	};
	rootObject = FA8EC19223EBC991007633D9 /* Project object */;
}
